dependencies:
- name: common
  repository: https://open-source.softwareag.com/webmethods-helm-charts/charts
  version: 1.0.3
- name: prometheus-elasticsearch-exporter
  repository: https://prometheus-community.github.io/helm-charts
  version: 5.0.0
digest: sha256:f9d3ad989d59262dd25fb9355e6ba2a738506930681e22126b3efc5c82ae0b08
generated: "2024-09-07T16:12:45.5318772+05:30"
